{
  "name": "forwarder",
  "lockfileVersion": 2,
  "requires": true,
  "packages": {
    "": {
      "dependencies": {
        "flow-protocol": "file:../flow-protocol"
      }
    },
    "../flow-protocol": {
      "version": "1.0.0",
      "license": "ISC",
      "dependencies": {
        "binary-parser-encoder": "^1.5.3"
      },
      "devDependencies": {}
    },
    "node_modules/flow-protocol": {
      "resolved": "../flow-protocol",
      "link": true
    }
  },
  "dependencies": {
    "flow-protocol": {
      "version": "file:../flow-protocol",
      "requires": {
        "binary-parser-encoder": "^1.5.3"
      }
    }
  }
}
