{
  "name": "application",
  "lockfileVersion": 2,
  "requires": true,
  "packages": {
    "": {
      "dependencies": {
        "flow-protocol": "file:../flow-protocol"
      }
    },
    "../flow-protocol": {
      "version": "1.0.0",
      "license": "ISC",
      "dependencies": {
        "binary-parser-encoder": "^1.5.3"
      }
    },
    "../flow-protocol/node_modules/binary-parser-encoder": {
      "version": "1.5.3",
      "license": "MIT",
      "dependencies": {
        "smart-buffer": "^4.1.0"
      },
      "engines": {
        "node": ">=8.9.0"
      }
    },
    "../flow-protocol/node_modules/smart-buffer": {
      "version": "4.2.0",
      "license": "MIT",
      "engines": {
        "node": ">= 6.0.0",
        "npm": ">= 3.0.0"
      }
    },
    "node_modules/flow-protocol": {
      "resolved": "../flow-protocol",
      "link": true
    }
  },
  "dependencies": {
    "flow-protocol": {
      "version": "file:../flow-protocol",
      "requires": {
        "binary-parser-encoder": "^1.5.3"
      },
      "dependencies": {
        "binary-parser-encoder": {
          "version": "1.5.3",
          "requires": {
            "smart-buffer": "^4.1.0"
          }
        },
        "smart-buffer": {
          "version": "4.2.0"
        }
      }
    }
  }
}
